{
  "name": "jenkinsocr",
  "lockfileVersion": 3,
  "requires": true,
  "packages": {
    "": {
      "name": "jenkinsocr",
      "license": "MIT",
      "dependencies": {
        "heic-to": "1.6.5"
      }
    },
    "node_modules/heic-to": {
      "version": "1.6.5",
      "resolved": "https://registry.npmjs.org/heic-to/-/heic-to-1.6.5.tgz",
      "integrity": "sha512-xPH6gvrzSRIFo/GyzYbr+DZX1JoQliw1oJBT1PCduR0ruDVs1DjlAdU1m5Thed2ZXBoLqYMCd5UXiJteRl3BNQ==",
      "license": "LGPL-3.0"
    }
  }
}
